# This file is automatically @generated by Poetry 2.3.3 and should not be changed by hand.

[[package]]
name = "pyvisa"
version = "1.16.2"
description = "Python VISA bindings for GPIB, RS232, TCPIP and USB instruments"
optional = false
python-versions = ">=3.10"
groups = ["main"]
files = [
    {file = "pyvisa-1.16.2-py3-none-any.whl", hash = "sha256:54f034adafd3e8d1858d57cdafec64e920444f4b84b31c9fd17487fbad0a197a"},
    {file = "pyvisa-1.16.2.tar.gz", hash = "sha256:75beb93eeafe20a50be5726fa4e3a645948c93d86819f9c1f8c542efa4085a38"},
]

[package.dependencies]
typing_extensions = ">=4.0.0"

[[package]]
name = "typing-extensions"
version = "4.15.0"
description = "Backported and Experimental Type Hints for Python 3.9+"
optional = false
python-versions = ">=3.9"
groups = ["main"]
files = [
    {file = "typing_extensions-4.15.0-py3-none-any.whl", hash = "sha256:f0fa19c6845758ab08074a0cfa8b7aecb71c999ca73d62883bc25cc018c4e548"},
    {file = "typing_extensions-4.15.0.tar.gz", hash = "sha256:0cea48d173cc12fa28ecabc3b837ea3cf6f38c6d1136f85cbaaf598984861466"},
]

[metadata]
lock-version = "2.1"
python-versions = ">=3.14"
content-hash = "b72d49f35a5fa47074380d831f7689f9628ad0bdc44c2bfb47912c55460ae58e"
